
Microsoft Visual Studio Solution File, Format Version 12.00
# Visual Studio Version 17
VisualStudioVersion = 17.8.34330.188
MinimumVisualStudioVersion = 10.0.40219.1
Project("{2150E333-8FDC-42A3-9474-1A3956D46DE8}") = "Services", "Services", "{149954E9-9B20-4D7E-A5C3-D2960ECA7388}"
EndProject
Project("{2150E333-8FDC-42A3-9474-1A3956D46DE8}") = "Catalog", "Catalog", "{38DF3D7C-6E95-4C17-86C4-A64300CDD9B7}"
EndProject
Project("{FAE04EC0-301F-11D3-BF4B-00C04F79EFBC}") = "Eshop.Microservices.Catalog.API", "Services\Catalog\Eshop.Microservices.Catalog.API\Eshop.Microservices.Catalog.API.csproj", "{907DDFE6-B75C-4B31-9D22-BD5002331F90}"
EndProject
Global
	GlobalSection(SolutionConfigurationPlatforms) = preSolution
		Debug|Any CPU = Debug|Any CPU
		Release|Any CPU = Release|Any CPU
	EndGlobalSection
	GlobalSection(ProjectConfigurationPlatforms) = postSolution
		{907DDFE6-B75C-4B31-9D22-BD5002331F90}.Debug|Any CPU.ActiveCfg = Debug|Any CPU
		{907DDFE6-B75C-4B31-9D22-BD5002331F90}.Debug|Any CPU.Build.0 = Debug|Any CPU
		{907DDFE6-B75C-4B31-9D22-BD5002331F90}.Release|Any CPU.ActiveCfg = Release|Any CPU
		{907DDFE6-B75C-4B31-9D22-BD5002331F90}.Release|Any CPU.Build.0 = Release|Any CPU
	EndGlobalSection
	GlobalSection(SolutionProperties) = preSolution
		HideSolutionNode = FALSE
	EndGlobalSection
	GlobalSection(NestedProjects) = preSolution
		{38DF3D7C-6E95-4C17-86C4-A64300CDD9B7} = {149954E9-9B20-4D7E-A5C3-D2960ECA7388}
		{907DDFE6-B75C-4B31-9D22-BD5002331F90} = {38DF3D7C-6E95-4C17-86C4-A64300CDD9B7}
	EndGlobalSection
	GlobalSection(ExtensibilityGlobals) = postSolution
		SolutionGuid = {75557BF9-B8A2-45EA-9885-3558EB2F3384}
	EndGlobalSection
EndGlobal
