
Microsoft Visual Studio Solution File, Format Version 12.00
# Visual Studio Version 17
VisualStudioVersion = 17.8.34330.188
MinimumVisualStudioVersion = 10.0.40219.1
Project("{2150E333-8FDC-42A3-9474-1A3956D46DE8}") = "Services", "Services", "{149954E9-9B20-4D7E-A5C3-D2960ECA7388}"
EndProject
Project("{2150E333-8FDC-42A3-9474-1A3956D46DE8}") = "Catalog", "Catalog", "{38DF3D7C-6E95-4C17-86C4-A64300CDD9B7}"
EndProject
Project("{9A19103F-16F7-4668-BE54-9A1E7A4F7556}") = "Eshop.Microservices.Catalog.API", "Services\Catalog\Eshop.Microservices.Catalog.API\Eshop.Microservices.Catalog.API.csproj", "{907DDFE6-B75C-4B31-9D22-BD5002331F90}"
EndProject
Project("{2150E333-8FDC-42A3-9474-1A3956D46DE8}") = "BuildingBlocks", "BuildingBlocks", "{ECC1CB1D-5017-471C-8CAD-B68CD7BA21BF}"
EndProject
Project("{9A19103F-16F7-4668-BE54-9A1E7A4F7556}") = "Eshop.Microservices.BuildingBlocks", "BuildingBlocks\Eshop.Microservices.BuildingBlocks\Eshop.Microservices.BuildingBlocks.csproj", "{35D086B1-368A-4E43-9DE3-FBD0EE5DC4F2}"
EndProject
Project("{E53339B2-1760-4266-BCC7-CA923CBCF16C}") = "docker-compose", "docker-compose.dcproj", "{4DDE9438-2A4E-4A43-9785-34A770692597}"
EndProject
Project("{2150E333-8FDC-42A3-9474-1A3956D46DE8}") = "Basket", "Basket", "{DA304D61-98C7-4087-8A64-7257C8F5A70E}"
EndProject
Project("{9A19103F-16F7-4668-BE54-9A1E7A4F7556}") = "Eshop.Microservices.Basket.API", "Services\Basket\Eshop.Microservices.Basket.API\Eshop.Microservices.Basket.API.csproj", "{43A4B999-941E-4ED2-9EA3-0FB0367211F1}"
EndProject
Project("{2150E333-8FDC-42A3-9474-1A3956D46DE8}") = "Discount", "Discount", "{1CDFE861-DB9A-4F05-8E61-C2CAAF35D2AB}"
EndProject
Project("{9A19103F-16F7-4668-BE54-9A1E7A4F7556}") = "Eshop.Microservices.Discount.Grpc", "Services\Discount\Eshop.Microservices.Discount.Grpc\Eshop.Microservices.Discount.Grpc.csproj", "{DA5E893E-DB9C-4C00-8FCA-DD76EAC5F8B0}"
EndProject
Project("{2150E333-8FDC-42A3-9474-1A3956D46DE8}") = "Ordering", "Ordering", "{91397145-54ED-4E35-ACF7-CFBE992920BF}"
EndProject
Project("{9A19103F-16F7-4668-BE54-9A1E7A4F7556}") = "Eshop.Microservices.Ordering.API", "Services\Ordering\Eshop.Microservices.Ordering.API\Eshop.Microservices.Ordering.API.csproj", "{6EAE476D-2B6F-4D74-A163-0E17B4AFD6E5}"
EndProject
Project("{9A19103F-16F7-4668-BE54-9A1E7A4F7556}") = "Eshop.Microservices.Ordering.Domain", "Services\Ordering\Eshop.Microservices.Ordering.Domain\Eshop.Microservices.Ordering.Domain.csproj", "{E22133F9-0749-4C07-B6BB-F88D22EEB2A2}"
EndProject
Project("{9A19103F-16F7-4668-BE54-9A1E7A4F7556}") = "Eshop.Microservices.Ordering.Application", "Services\Ordering\Eshop.Microservices.Ordering.Application\Eshop.Microservices.Ordering.Application.csproj", "{61D99ACD-59B3-409B-A208-BDEAD632F098}"
EndProject
Project("{9A19103F-16F7-4668-BE54-9A1E7A4F7556}") = "Eshop.Microservices.Ordering.Infrastructure", "Services\Ordering\Eshop.Microservices.Ordering.Infrastructure\Eshop.Microservices.Ordering.Infrastructure.csproj", "{0E0B1D16-6E8C-4D40-BD88-B86DB05DECE7}"
EndProject
Project("{FAE04EC0-301F-11D3-BF4B-00C04F79EFBC}") = "Eshop.Microservices.BuildingBlocks.Messaging", "BuildingBlocks\Eshop.Microservices.BuildingBlocks.Messaging\Eshop.Microservices.BuildingBlocks.Messaging.csproj", "{3554A52C-4B5B-474F-ADFD-40B94973742C}"
EndProject
Global
	GlobalSection(SolutionConfigurationPlatforms) = preSolution
		Debug|Any CPU = Debug|Any CPU
		Release|Any CPU = Release|Any CPU
	EndGlobalSection
	GlobalSection(ProjectConfigurationPlatforms) = postSolution
		{907DDFE6-B75C-4B31-9D22-BD5002331F90}.Debug|Any CPU.ActiveCfg = Debug|Any CPU
		{907DDFE6-B75C-4B31-9D22-BD5002331F90}.Debug|Any CPU.Build.0 = Debug|Any CPU
		{907DDFE6-B75C-4B31-9D22-BD5002331F90}.Release|Any CPU.ActiveCfg = Release|Any CPU
		{907DDFE6-B75C-4B31-9D22-BD5002331F90}.Release|Any CPU.Build.0 = Release|Any CPU
		{35D086B1-368A-4E43-9DE3-FBD0EE5DC4F2}.Debug|Any CPU.ActiveCfg = Debug|Any CPU
		{35D086B1-368A-4E43-9DE3-FBD0EE5DC4F2}.Debug|Any CPU.Build.0 = Debug|Any CPU
		{35D086B1-368A-4E43-9DE3-FBD0EE5DC4F2}.Release|Any CPU.ActiveCfg = Release|Any CPU
		{35D086B1-368A-4E43-9DE3-FBD0EE5DC4F2}.Release|Any CPU.Build.0 = Release|Any CPU
		{4DDE9438-2A4E-4A43-9785-34A770692597}.Debug|Any CPU.ActiveCfg = Debug|Any CPU
		{4DDE9438-2A4E-4A43-9785-34A770692597}.Debug|Any CPU.Build.0 = Debug|Any CPU
		{4DDE9438-2A4E-4A43-9785-34A770692597}.Release|Any CPU.ActiveCfg = Release|Any CPU
		{4DDE9438-2A4E-4A43-9785-34A770692597}.Release|Any CPU.Build.0 = Release|Any CPU
		{43A4B999-941E-4ED2-9EA3-0FB0367211F1}.Debug|Any CPU.ActiveCfg = Debug|Any CPU
		{43A4B999-941E-4ED2-9EA3-0FB0367211F1}.Debug|Any CPU.Build.0 = Debug|Any CPU
		{43A4B999-941E-4ED2-9EA3-0FB0367211F1}.Release|Any CPU.ActiveCfg = Release|Any CPU
		{43A4B999-941E-4ED2-9EA3-0FB0367211F1}.Release|Any CPU.Build.0 = Release|Any CPU
		{DA5E893E-DB9C-4C00-8FCA-DD76EAC5F8B0}.Debug|Any CPU.ActiveCfg = Debug|Any CPU
		{DA5E893E-DB9C-4C00-8FCA-DD76EAC5F8B0}.Debug|Any CPU.Build.0 = Debug|Any CPU
		{DA5E893E-DB9C-4C00-8FCA-DD76EAC5F8B0}.Release|Any CPU.ActiveCfg = Release|Any CPU
		{DA5E893E-DB9C-4C00-8FCA-DD76EAC5F8B0}.Release|Any CPU.Build.0 = Release|Any CPU
		{6EAE476D-2B6F-4D74-A163-0E17B4AFD6E5}.Debug|Any CPU.ActiveCfg = Debug|Any CPU
		{6EAE476D-2B6F-4D74-A163-0E17B4AFD6E5}.Debug|Any CPU.Build.0 = Debug|Any CPU
		{6EAE476D-2B6F-4D74-A163-0E17B4AFD6E5}.Release|Any CPU.ActiveCfg = Release|Any CPU
		{6EAE476D-2B6F-4D74-A163-0E17B4AFD6E5}.Release|Any CPU.Build.0 = Release|Any CPU
		{E22133F9-0749-4C07-B6BB-F88D22EEB2A2}.Debug|Any CPU.ActiveCfg = Debug|Any CPU
		{E22133F9-0749-4C07-B6BB-F88D22EEB2A2}.Debug|Any CPU.Build.0 = Debug|Any CPU
		{E22133F9-0749-4C07-B6BB-F88D22EEB2A2}.Release|Any CPU.ActiveCfg = Release|Any CPU
		{E22133F9-0749-4C07-B6BB-F88D22EEB2A2}.Release|Any CPU.Build.0 = Release|Any CPU
		{61D99ACD-59B3-409B-A208-BDEAD632F098}.Debug|Any CPU.ActiveCfg = Debug|Any CPU
		{61D99ACD-59B3-409B-A208-BDEAD632F098}.Debug|Any CPU.Build.0 = Debug|Any CPU
		{61D99ACD-59B3-409B-A208-BDEAD632F098}.Release|Any CPU.ActiveCfg = Release|Any CPU
		{61D99ACD-59B3-409B-A208-BDEAD632F098}.Release|Any CPU.Build.0 = Release|Any CPU
		{0E0B1D16-6E8C-4D40-BD88-B86DB05DECE7}.Debug|Any CPU.ActiveCfg = Debug|Any CPU
		{0E0B1D16-6E8C-4D40-BD88-B86DB05DECE7}.Debug|Any CPU.Build.0 = Debug|Any CPU
		{0E0B1D16-6E8C-4D40-BD88-B86DB05DECE7}.Release|Any CPU.ActiveCfg = Release|Any CPU
		{0E0B1D16-6E8C-4D40-BD88-B86DB05DECE7}.Release|Any CPU.Build.0 = Release|Any CPU
		{3554A52C-4B5B-474F-ADFD-40B94973742C}.Debug|Any CPU.ActiveCfg = Debug|Any CPU
		{3554A52C-4B5B-474F-ADFD-40B94973742C}.Debug|Any CPU.Build.0 = Debug|Any CPU
		{3554A52C-4B5B-474F-ADFD-40B94973742C}.Release|Any CPU.ActiveCfg = Release|Any CPU
		{3554A52C-4B5B-474F-ADFD-40B94973742C}.Release|Any CPU.Build.0 = Release|Any CPU
	EndGlobalSection
	GlobalSection(SolutionProperties) = preSolution
		HideSolutionNode = FALSE
	EndGlobalSection
	GlobalSection(NestedProjects) = preSolution
		{38DF3D7C-6E95-4C17-86C4-A64300CDD9B7} = {149954E9-9B20-4D7E-A5C3-D2960ECA7388}
		{907DDFE6-B75C-4B31-9D22-BD5002331F90} = {38DF3D7C-6E95-4C17-86C4-A64300CDD9B7}
		{35D086B1-368A-4E43-9DE3-FBD0EE5DC4F2} = {ECC1CB1D-5017-471C-8CAD-B68CD7BA21BF}
		{DA304D61-98C7-4087-8A64-7257C8F5A70E} = {149954E9-9B20-4D7E-A5C3-D2960ECA7388}
		{43A4B999-941E-4ED2-9EA3-0FB0367211F1} = {DA304D61-98C7-4087-8A64-7257C8F5A70E}
		{1CDFE861-DB9A-4F05-8E61-C2CAAF35D2AB} = {149954E9-9B20-4D7E-A5C3-D2960ECA7388}
		{DA5E893E-DB9C-4C00-8FCA-DD76EAC5F8B0} = {1CDFE861-DB9A-4F05-8E61-C2CAAF35D2AB}
		{91397145-54ED-4E35-ACF7-CFBE992920BF} = {149954E9-9B20-4D7E-A5C3-D2960ECA7388}
		{6EAE476D-2B6F-4D74-A163-0E17B4AFD6E5} = {91397145-54ED-4E35-ACF7-CFBE992920BF}
		{E22133F9-0749-4C07-B6BB-F88D22EEB2A2} = {91397145-54ED-4E35-ACF7-CFBE992920BF}
		{61D99ACD-59B3-409B-A208-BDEAD632F098} = {91397145-54ED-4E35-ACF7-CFBE992920BF}
		{0E0B1D16-6E8C-4D40-BD88-B86DB05DECE7} = {91397145-54ED-4E35-ACF7-CFBE992920BF}
		{3554A52C-4B5B-474F-ADFD-40B94973742C} = {ECC1CB1D-5017-471C-8CAD-B68CD7BA21BF}
	EndGlobalSection
	GlobalSection(ExtensibilityGlobals) = postSolution
		SolutionGuid = {75557BF9-B8A2-45EA-9885-3558EB2F3384}
	EndGlobalSection
EndGlobal
